
Microsoft Visual Studio Solution File, Format Version 12.00
# Visual Studio Version 17
VisualStudioVersion = 17.14.36203.30
MinimumVisualStudioVersion = 10.0.40219.1
Project("{FAE04EC0-301F-11D3-BF4B-00C04F79EFBC}") = "MusicBeeWrapped", "MusicBeeWrapped.csproj", "{E19C762A-BAF3-460C-9E0A-95524174642C}"
EndProject
Project("{2150E333-8FDC-42A3-9474-1A3956D46DE8}") = "Solution Items", "Solution Items", "{8EC462FD-D22E-90A8-E5CE-7E832BA40C5D}"
EndProject
Global
	GlobalSection(SolutionConfigurationPlatforms) = preSolution
		Debug|Any CPU = Debug|Any CPU
		Release|Any CPU = Release|Any CPU
	EndGlobalSection
	GlobalSection(ProjectConfigurationPlatforms) = postSolution
		{E19C762A-BAF3-460C-9E0A-95524174642C}.Debug|Any CPU.ActiveCfg = Debug|Any CPU
		{E19C762A-BAF3-460C-9E0A-95524174642C}.Debug|Any CPU.Build.0 = Debug|Any CPU
		{E19C762A-BAF3-460C-9E0A-95524174642C}.Release|Any CPU.ActiveCfg = Release|Any CPU
		{E19C762A-BAF3-460C-9E0A-95524174642C}.Release|Any CPU.Build.0 = Release|Any CPU
	EndGlobalSection
	GlobalSection(SolutionProperties) = preSolution
		HideSolutionNode = FALSE
	EndGlobalSection
	GlobalSection(ExtensibilityGlobals) = postSolution
		SolutionGuid = {1D02EECA-4DE5-42CD-98FB-3204BB4ED226}
	EndGlobalSection
EndGlobal
